// !$*UTF8*$!
{
	archiveVersion = 1;
	classes = {
	};
	objectVersion = 56;
	objects = {

/* Begin PBXBuildFile section */
		763009282CDCB95F00FC4DB1 /* IncExpViewComponents.swift in Sources */ = {isa = PBXBuildFile; fileRef = 763009272CDCB95F00FC4DB1 /* IncExpViewComponents.swift */; };
		7630092B2CDCC83D00FC4DB1 /* Extentions.swift in Sources */ = {isa = PBXBuildFile; fileRef = 7630092A2CDCC83D00FC4DB1 /* Extentions.swift */; };
		7630092D2CDCCF8400FC4DB1 /* Transaction.swift in Sources */ = {isa = PBXBuildFile; fileRef = 7630092C2CDCCF8400FC4DB1 /* Transaction.swift */; };
		7630092F2CDCE5D500FC4DB1 /* PieChartView.swift in Sources */ = {isa = PBXBuildFile; fileRef = 7630092E2CDCE5D500FC4DB1 /* PieChartView.swift */; };
		76493A042CDB78E500DDEE03 /* StatisticsView.swift in Sources */ = {isa = PBXBuildFile; fileRef = 76493A032CDB78E500DDEE03 /* StatisticsView.swift */; };
		76529BB92CEB4D2D005E4C6C /* StatisticsViewModel.swift in Sources */ = {isa = PBXBuildFile; fileRef = 76529BB82CEB4D2D005E4C6C /* StatisticsViewModel.swift */; };
		76529BBB2CEB8701005E4C6C /* TransactionsView.swift in Sources */ = {isa = PBXBuildFile; fileRef = 76529BBA2CEB8701005E4C6C /* TransactionsView.swift */; };
		766A8AF72CDA6F63002E057B /* MainView.swift in Sources */ = {isa = PBXBuildFile; fileRef = 766A8AF62CDA6F63002E057B /* MainView.swift */; };
		76949D5E2CECBB400090527C /* TransactionCategory.swift in Sources */ = {isa = PBXBuildFile; fileRef = 76949D5D2CECBB400090527C /* TransactionCategory.swift */; };
		76AF38402CD28EC7007A7AEA /* expenses_trackerApp.swift in Sources */ = {isa = PBXBuildFile; fileRef = 76AF383F2CD28EC7007A7AEA /* expenses_trackerApp.swift */; };
		76AF38422CD28EC7007A7AEA /* ContentView.swift in Sources */ = {isa = PBXBuildFile; fileRef = 76AF38412CD28EC7007A7AEA /* ContentView.swift */; };
		76AF38442CD28EC8007A7AEA /* Assets.xcassets in Resources */ = {isa = PBXBuildFile; fileRef = 76AF38432CD28EC8007A7AEA /* Assets.xcassets */; };
		76AF38472CD28EC8007A7AEA /* Preview Assets.xcassets in Resources */ = {isa = PBXBuildFile; fileRef = 76AF38462CD28EC8007A7AEA /* Preview Assets.xcassets */; };
		76AF384E2CD28F4A007A7AEA /* GoogleService-Info.plist in Resources */ = {isa = PBXBuildFile; fileRef = 76AF384D2CD28F4A007A7AEA /* GoogleService-Info.plist */; };
		76AF38512CD28FBC007A7AEA /* FirebaseFirestore in Frameworks */ = {isa = PBXBuildFile; productRef = 76AF38502CD28FBC007A7AEA /* FirebaseFirestore */; };
		76AF38532CD29758007A7AEA /* FirebaseAuth in Frameworks */ = {isa = PBXBuildFile; productRef = 76AF38522CD29758007A7AEA /* FirebaseAuth */; };
		76CF3F162CD3AA5C0054BE0E /* AuthView.swift in Sources */ = {isa = PBXBuildFile; fileRef = 76CF3F152CD3AA5C0054BE0E /* AuthView.swift */; };
		76CF3F182CD3AB270054BE0E /* BackgroundView.swift in Sources */ = {isa = PBXBuildFile; fileRef = 76CF3F172CD3AB270054BE0E /* BackgroundView.swift */; };
		76CF3F1B2CD3B08B0054BE0E /* UserSessionManager.swift in Sources */ = {isa = PBXBuildFile; fileRef = 76CF3F1A2CD3B08B0054BE0E /* UserSessionManager.swift */; };
/* End PBXBuildFile section */

/* Begin PBXFileReference section */
		763009272CDCB95F00FC4DB1 /* IncExpViewComponents.swift */ = {isa = PBXFileReference; lastKnownFileType = sourcecode.swift; path = IncExpViewComponents.swift; sourceTree = "<group>"; };
		7630092A2CDCC83D00FC4DB1 /* Extentions.swift */ = {isa = PBXFileReference; lastKnownFileType = sourcecode.swift; path = Extentions.swift; sourceTree = "<group>"; };
		7630092C2CDCCF8400FC4DB1 /* Transaction.swift */ = {isa = PBXFileReference; lastKnownFileType = sourcecode.swift; path = Transaction.swift; sourceTree = "<group>"; };
		7630092E2CDCE5D500FC4DB1 /* PieChartView.swift */ = {isa = PBXFileReference; lastKnownFileType = sourcecode.swift; path = PieChartView.swift; sourceTree = "<group>"; };
		76493A032CDB78E500DDEE03 /* StatisticsView.swift */ = {isa = PBXFileReference; lastKnownFileType = sourcecode.swift; path = StatisticsView.swift; sourceTree = "<group>"; };
		76529BB82CEB4D2D005E4C6C /* StatisticsViewModel.swift */ = {isa = PBXFileReference; lastKnownFileType = sourcecode.swift; path = StatisticsViewModel.swift; sourceTree = "<group>"; };
		76529BBA2CEB8701005E4C6C /* TransactionsView.swift */ = {isa = PBXFileReference; lastKnownFileType = sourcecode.swift; path = TransactionsView.swift; sourceTree = "<group>"; };
		766A8AF62CDA6F63002E057B /* MainView.swift */ = {isa = PBXFileReference; lastKnownFileType = sourcecode.swift; path = MainView.swift; sourceTree = "<group>"; };
		76949D5D2CECBB400090527C /* TransactionCategory.swift */ = {isa = PBXFileReference; lastKnownFileType = sourcecode.swift; path = TransactionCategory.swift; sourceTree = "<group>"; };
		76AF383C2CD28EC7007A7AEA /* expenses-tracker.app */ = {isa = PBXFileReference; explicitFileType = wrapper.application; includeInIndex = 0; path = "expenses-tracker.app"; sourceTree = BUILT_PRODUCTS_DIR; };
		76AF383F2CD28EC7007A7AEA /* expenses_trackerApp.swift */ = {isa = PBXFileReference; lastKnownFileType = sourcecode.swift; path = expenses_trackerApp.swift; sourceTree = "<group>"; };
		76AF38412CD28EC7007A7AEA /* ContentView.swift */ = {isa = PBXFileReference; lastKnownFileType = sourcecode.swift; path = ContentView.swift; sourceTree = "<group>"; };
		76AF38432CD28EC8007A7AEA /* Assets.xcassets */ = {isa = PBXFileReference; lastKnownFileType = folder.assetcatalog; path = Assets.xcassets; sourceTree = "<group>"; };
		76AF38462CD28EC8007A7AEA /* Preview Assets.xcassets */ = {isa = PBXFileReference; lastKnownFileType = folder.assetcatalog; path = "Preview Assets.xcassets"; sourceTree = "<group>"; };
		76AF384D2CD28F4A007A7AEA /* GoogleService-Info.plist */ = {isa = PBXFileReference; fileEncoding = 4; lastKnownFileType = text.plist.xml; name = "GoogleService-Info.plist"; path = "../../../../Downloads/GoogleService-Info.plist"; sourceTree = "<group>"; };
		76CF3F152CD3AA5C0054BE0E /* AuthView.swift */ = {isa = PBXFileReference; lastKnownFileType = sourcecode.swift; path = AuthView.swift; sourceTree = "<group>"; };
		76CF3F172CD3AB270054BE0E /* BackgroundView.swift */ = {isa = PBXFileReference; lastKnownFileType = sourcecode.swift; path = BackgroundView.swift; sourceTree = "<group>"; };
		76CF3F1A2CD3B08B0054BE0E /* UserSessionManager.swift */ = {isa = PBXFileReference; lastKnownFileType = sourcecode.swift; path = UserSessionManager.swift; sourceTree = "<group>"; };
/* End PBXFileReference section */

/* Begin PBXFrameworksBuildPhase section */
		76AF38392CD28EC7007A7AEA /* Frameworks */ = {
			isa = PBXFrameworksBuildPhase;
			buildActionMask = 2147483647;
			files = (
				76AF38512CD28FBC007A7AEA /* FirebaseFirestore in Frameworks */,
				76AF38532CD29758007A7AEA /* FirebaseAuth in Frameworks */,
			);
			runOnlyForDeploymentPostprocessing = 0;
		};
/* End PBXFrameworksBuildPhase section */

/* Begin PBXGroup section */
		763009242CDCB81D00FC4DB1 /* common */ = {
			isa = PBXGroup;
			children = (
				76CF3F172CD3AB270054BE0E /* BackgroundView.swift */,
				763009272CDCB95F00FC4DB1 /* IncExpViewComponents.swift */,
				7630092E2CDCE5D500FC4DB1 /* PieChartView.swift */,
			);
			path = common;
			sourceTree = "<group>";
		};
		763009292CDCC82A00FC4DB1 /* Extensions */ = {
			isa = PBXGroup;
			children = (
				7630092A2CDCC83D00FC4DB1 /* Extentions.swift */,
			);
			path = Extensions;
			sourceTree = "<group>";
		};
		76493A072CDB8ABC00DDEE03 /* Models */ = {
			isa = PBXGroup;
			children = (
				76493A0E2CDBBB0C00DDEE03 /* Enums */,
				7630092C2CDCCF8400FC4DB1 /* Transaction.swift */,
			);
			path = Models;
			sourceTree = "<group>";
		};
		76493A0E2CDBBB0C00DDEE03 /* Enums */ = {
			isa = PBXGroup;
			children = (
				76949D5D2CECBB400090527C /* TransactionCategory.swift */,
			);
			path = Enums;
			sourceTree = "<group>";
		};
		76AF38332CD28EC7007A7AEA = {
			isa = PBXGroup;
			children = (
				76AF383E2CD28EC7007A7AEA /* expenses-tracker */,
				76AF383D2CD28EC7007A7AEA /* Products */,
			);
			sourceTree = "<group>";
		};
		76AF383D2CD28EC7007A7AEA /* Products */ = {
			isa = PBXGroup;
			children = (
				76AF383C2CD28EC7007A7AEA /* expenses-tracker.app */,
			);
			name = Products;
			sourceTree = "<group>";
		};
		76AF383E2CD28EC7007A7AEA /* expenses-tracker */ = {
			isa = PBXGroup;
			children = (
				763009292CDCC82A00FC4DB1 /* Extensions */,
				76493A072CDB8ABC00DDEE03 /* Models */,
				76CF3F192CD3B0690054BE0E /* ViewModels */,
				76CF3F122CD3A9AB0054BE0E /* Views */,
				76AF384D2CD28F4A007A7AEA /* GoogleService-Info.plist */,
				76AF383F2CD28EC7007A7AEA /* expenses_trackerApp.swift */,
				76AF38412CD28EC7007A7AEA /* ContentView.swift */,
				76AF38432CD28EC8007A7AEA /* Assets.xcassets */,
				76AF38452CD28EC8007A7AEA /* Preview Content */,
			);
			path = "expenses-tracker";
			sourceTree = "<group>";
		};
		76AF38452CD28EC8007A7AEA /* Preview Content */ = {
			isa = PBXGroup;
			children = (
				76AF38462CD28EC8007A7AEA /* Preview Assets.xcassets */,
			);
			path = "Preview Content";
			sourceTree = "<group>";
		};
		76CF3F122CD3A9AB0054BE0E /* Views */ = {
			isa = PBXGroup;
			children = (
				763009242CDCB81D00FC4DB1 /* common */,
				76CF3F152CD3AA5C0054BE0E /* AuthView.swift */,
				766A8AF62CDA6F63002E057B /* MainView.swift */,
				76493A032CDB78E500DDEE03 /* StatisticsView.swift */,
				76529BBA2CEB8701005E4C6C /* TransactionsView.swift */,
			);
			path = Views;
			sourceTree = "<group>";
		};
		76CF3F192CD3B0690054BE0E /* ViewModels */ = {
			isa = PBXGroup;
			children = (
				76CF3F1A2CD3B08B0054BE0E /* UserSessionManager.swift */,
				76529BB82CEB4D2D005E4C6C /* StatisticsViewModel.swift */,
			);
			path = ViewModels;
			sourceTree = "<group>";
		};
/* End PBXGroup section */

/* Begin PBXNativeTarget section */
		76AF383B2CD28EC7007A7AEA /* expenses-tracker */ = {
			isa = PBXNativeTarget;
			buildConfigurationList = 76AF384A2CD28EC8007A7AEA /* Build configuration list for PBXNativeTarget "expenses-tracker" */;
			buildPhases = (
				76AF38382CD28EC7007A7AEA /* Sources */,
				76AF38392CD28EC7007A7AEA /* Frameworks */,
				76AF383A2CD28EC7007A7AEA /* Resources */,
			);
			buildRules = (
			);
			dependencies = (
			);
			name = "expenses-tracker";
			packageProductDependencies = (
				76AF38502CD28FBC007A7AEA /* FirebaseFirestore */,
				76AF38522CD29758007A7AEA /* FirebaseAuth */,
			);
			productName = "expenses-tracker";
			productReference = 76AF383C2CD28EC7007A7AEA /* expenses-tracker.app */;
			productType = "com.apple.product-type.application";
		};
/* End PBXNativeTarget section */

/* Begin PBXProject section */
		76AF38342CD28EC7007A7AEA /* Project object */ = {
			isa = PBXProject;
			attributes = {
				BuildIndependentTargetsInParallel = 1;
				LastSwiftUpdateCheck = 1530;
				LastUpgradeCheck = 1530;
				TargetAttributes = {
					76AF383B2CD28EC7007A7AEA = {
						CreatedOnToolsVersion = 15.3;
					};
				};
			};
			buildConfigurationList = 76AF38372CD28EC7007A7AEA /* Build configuration list for PBXProject "expenses-tracker" */;
			compatibilityVersion = "Xcode 14.0";
			developmentRegion = en;
			hasScannedForEncodings = 0;
			knownRegions = (
				en,
				Base,
			);
			mainGroup = 76AF38332CD28EC7007A7AEA;
			packageReferences = (
				76AF384F2CD28FBC007A7AEA /* XCRemoteSwiftPackageReference "firebase-ios-sdk" */,
			);
			productRefGroup = 76AF383D2CD28EC7007A7AEA /* Products */;
			projectDirPath = "";
			projectRoot = "";
			targets = (
				76AF383B2CD28EC7007A7AEA /* expenses-tracker */,
			);
		};
/* End PBXProject section */

/* Begin PBXResourcesBuildPhase section */
		76AF383A2CD28EC7007A7AEA /* Resources */ = {
			isa = PBXResourcesBuildPhase;
			buildActionMask = 2147483647;
			files = (
				76AF38472CD28EC8007A7AEA /* Preview Assets.xcassets in Resources */,
				76AF38442CD28EC8007A7AEA /* Assets.xcassets in Resources */,
				76AF384E2CD28F4A007A7AEA /* GoogleService-Info.plist in Resources */,
			);
			runOnlyForDeploymentPostprocessing = 0;
		};
/* End PBXResourcesBuildPhase section */

/* Begin PBXSourcesBuildPhase section */
		76AF38382CD28EC7007A7AEA /* Sources */ = {
			isa = PBXSourcesBuildPhase;
			buildActionMask = 2147483647;
			files = (
				76AF38422CD28EC7007A7AEA /* ContentView.swift in Sources */,
				766A8AF72CDA6F63002E057B /* MainView.swift in Sources */,
				76AF38402CD28EC7007A7AEA /* expenses_trackerApp.swift in Sources */,
				7630092D2CDCCF8400FC4DB1 /* Transaction.swift in Sources */,
				76529BBB2CEB8701005E4C6C /* TransactionsView.swift in Sources */,
				7630092B2CDCC83D00FC4DB1 /* Extentions.swift in Sources */,
				76949D5E2CECBB400090527C /* TransactionCategory.swift in Sources */,
				763009282CDCB95F00FC4DB1 /* IncExpViewComponents.swift in Sources */,
				76CF3F182CD3AB270054BE0E /* BackgroundView.swift in Sources */,
				76529BB92CEB4D2D005E4C6C /* StatisticsViewModel.swift in Sources */,
				7630092F2CDCE5D500FC4DB1 /* PieChartView.swift in Sources */,
				76CF3F162CD3AA5C0054BE0E /* AuthView.swift in Sources */,
				76493A042CDB78E500DDEE03 /* StatisticsView.swift in Sources */,
				76CF3F1B2CD3B08B0054BE0E /* UserSessionManager.swift in Sources */,
			);
			runOnlyForDeploymentPostprocessing = 0;
		};
/* End PBXSourcesBuildPhase section */

/* Begin XCBuildConfiguration section */
		76AF38482CD28EC8007A7AEA /* Debug */ = {
			isa = XCBuildConfiguration;
			buildSettings = {
				ALWAYS_SEARCH_USER_PATHS = NO;
				ASSETCATALOG_COMPILER_GENERATE_SWIFT_ASSET_SYMBOL_EXTENSIONS = YES;
				CLANG_ANALYZER_NONNULL = YES;
				CLANG_ANALYZER_NUMBER_OBJECT_CONVERSION = YES_AGGRESSIVE;
				CLANG_CXX_LANGUAGE_STANDARD = "gnu++20";
				CLANG_ENABLE_MODULES = YES;
				CLANG_ENABLE_OBJC_ARC = YES;
				CLANG_ENABLE_OBJC_WEAK = YES;
				CLANG_WARN_BLOCK_CAPTURE_AUTORELEASING = YES;
				CLANG_WARN_BOOL_CONVERSION = YES;
				CLANG_WARN_COMMA = YES;
				CLANG_WARN_CONSTANT_CONVERSION = YES;
				CLANG_WARN_DEPRECATED_OBJC_IMPLEMENTATIONS = YES;
				CLANG_WARN_DIRECT_OBJC_ISA_USAGE = YES_ERROR;
				CLANG_WARN_DOCUMENTATION_COMMENTS = YES;
				CLANG_WARN_EMPTY_BODY = YES;
				CLANG_WARN_ENUM_CONVERSION = YES;
				CLANG_WARN_INFINITE_RECURSION = YES;
				CLANG_WARN_INT_CONVERSION = YES;
				CLANG_WARN_NON_LITERAL_NULL_CONVERSION = YES;
				CLANG_WARN_OBJC_IMPLICIT_RETAIN_SELF = YES;
				CLANG_WARN_OBJC_LITERAL_CONVERSION = YES;
				CLANG_WARN_OBJC_ROOT_CLASS = YES_ERROR;
				CLANG_WARN_QUOTED_INCLUDE_IN_FRAMEWORK_HEADER = YES;
				CLANG_WARN_RANGE_LOOP_ANALYSIS = YES;
				CLANG_WARN_STRICT_PROTOTYPES = YES;
				CLANG_WARN_SUSPICIOUS_MOVE = YES;
				CLANG_WARN_UNGUARDED_AVAILABILITY = YES_AGGRESSIVE;
				CLANG_WARN_UNREACHABLE_CODE = YES;
				CLANG_WARN__DUPLICATE_METHOD_MATCH = YES;
				COPY_PHASE_STRIP = NO;
				DEBUG_INFORMATION_FORMAT = dwarf;
				ENABLE_STRICT_OBJC_MSGSEND = YES;
				ENABLE_TESTABILITY = YES;
				ENABLE_USER_SCRIPT_SANDBOXING = YES;
				GCC_C_LANGUAGE_STANDARD = gnu17;
				GCC_DYNAMIC_NO_PIC = NO;
				GCC_NO_COMMON_BLOCKS = YES;
				GCC_OPTIMIZATION_LEVEL = 0;
				GCC_PREPROCESSOR_DEFINITIONS = (
					"DEBUG=1",
					"$(inherited)",
				);
				GCC_WARN_64_TO_32_BIT_CONVERSION = YES;
				GCC_WARN_ABOUT_RETURN_TYPE = YES_ERROR;
				GCC_WARN_UNDECLARED_SELECTOR = YES;
				GCC_WARN_UNINITIALIZED_AUTOS = YES_AGGRESSIVE;
				GCC_WARN_UNUSED_FUNCTION = YES;
				GCC_WARN_UNUSED_VARIABLE = YES;
				IPHONEOS_DEPLOYMENT_TARGET = 17.4;
				LOCALIZATION_PREFERS_STRING_CATALOGS = YES;
				MTL_ENABLE_DEBUG_INFO = INCLUDE_SOURCE;
				MTL_FAST_MATH = YES;
				ONLY_ACTIVE_ARCH = YES;
				SDKROOT = iphoneos;
				SWIFT_ACTIVE_COMPILATION_CONDITIONS = "DEBUG $(inherited)";
				SWIFT_OPTIMIZATION_LEVEL = "-Onone";
			};
			name = Debug;
		};
		76AF38492CD28EC8007A7AEA /* Release */ = {
			isa = XCBuildConfiguration;
			buildSettings = {
				ALWAYS_SEARCH_USER_PATHS = NO;
				ASSETCATALOG_COMPILER_GENERATE_SWIFT_ASSET_SYMBOL_EXTENSIONS = YES;
				CLANG_ANALYZER_NONNULL = YES;
				CLANG_ANALYZER_NUMBER_OBJECT_CONVERSION = YES_AGGRESSIVE;
				CLANG_CXX_LANGUAGE_STANDARD = "gnu++20";
				CLANG_ENABLE_MODULES = YES;
				CLANG_ENABLE_OBJC_ARC = YES;
				CLANG_ENABLE_OBJC_WEAK = YES;
				CLANG_WARN_BLOCK_CAPTURE_AUTORELEASING = YES;
				CLANG_WARN_BOOL_CONVERSION = YES;
				CLANG_WARN_COMMA = YES;
				CLANG_WARN_CONSTANT_CONVERSION = YES;
				CLANG_WARN_DEPRECATED_OBJC_IMPLEMENTATIONS = YES;
				CLANG_WARN_DIRECT_OBJC_ISA_USAGE = YES_ERROR;
				CLANG_WARN_DOCUMENTATION_COMMENTS = YES;
				CLANG_WARN_EMPTY_BODY = YES;
				CLANG_WARN_ENUM_CONVERSION = YES;
				CLANG_WARN_INFINITE_RECURSION = YES;
				CLANG_WARN_INT_CONVERSION = YES;
				CLANG_WARN_NON_LITERAL_NULL_CONVERSION = YES;
				CLANG_WARN_OBJC_IMPLICIT_RETAIN_SELF = YES;
				CLANG_WARN_OBJC_LITERAL_CONVERSION = YES;
				CLANG_WARN_OBJC_ROOT_CLASS = YES_ERROR;
				CLANG_WARN_QUOTED_INCLUDE_IN_FRAMEWORK_HEADER = YES;
				CLANG_WARN_RANGE_LOOP_ANALYSIS = YES;
				CLANG_WARN_STRICT_PROTOTYPES = YES;
				CLANG_WARN_SUSPICIOUS_MOVE = YES;
				CLANG_WARN_UNGUARDED_AVAILABILITY = YES_AGGRESSIVE;
				CLANG_WARN_UNREACHABLE_CODE = YES;
				CLANG_WARN__DUPLICATE_METHOD_MATCH = YES;
				COPY_PHASE_STRIP = NO;
				DEBUG_INFORMATION_FORMAT = "dwarf-with-dsym";
				ENABLE_NS_ASSERTIONS = NO;
				ENABLE_STRICT_OBJC_MSGSEND = YES;
				ENABLE_USER_SCRIPT_SANDBOXING = YES;
				GCC_C_LANGUAGE_STANDARD = gnu17;
				GCC_NO_COMMON_BLOCKS = YES;
				GCC_WARN_64_TO_32_BIT_CONVERSION = YES;
				GCC_WARN_ABOUT_RETURN_TYPE = YES_ERROR;
				GCC_WARN_UNDECLARED_SELECTOR = YES;
				GCC_WARN_UNINITIALIZED_AUTOS = YES_AGGRESSIVE;
				GCC_WARN_UNUSED_FUNCTION = YES;
				GCC_WARN_UNUSED_VARIABLE = YES;
				IPHONEOS_DEPLOYMENT_TARGET = 17.4;
				LOCALIZATION_PREFERS_STRING_CATALOGS = YES;
				MTL_ENABLE_DEBUG_INFO = NO;
				MTL_FAST_MATH = YES;
				SDKROOT = iphoneos;
				SWIFT_COMPILATION_MODE = wholemodule;
				VALIDATE_PRODUCT = YES;
			};
			name = Release;
		};
		76AF384B2CD28EC8007A7AEA /* Debug */ = {
			isa = XCBuildConfiguration;
			buildSettings = {
				ASSETCATALOG_COMPILER_APPICON_NAME = AppIcon;
				ASSETCATALOG_COMPILER_GLOBAL_ACCENT_COLOR_NAME = AccentColor;
				CODE_SIGN_STYLE = Automatic;
				CURRENT_PROJECT_VERSION = 1;
				DEVELOPMENT_ASSET_PATHS = "\"expenses-tracker/Preview Content\"";
				DEVELOPMENT_TEAM = H57Z8PWG38;
				ENABLE_PREVIEWS = YES;
				GENERATE_INFOPLIST_FILE = YES;
				INFOPLIST_KEY_UIApplicationSceneManifest_Generation = YES;
				INFOPLIST_KEY_UIApplicationSupportsIndirectInputEvents = YES;
				INFOPLIST_KEY_UILaunchScreen_Generation = YES;
				INFOPLIST_KEY_UISupportedInterfaceOrientations_iPad = "UIInterfaceOrientationPortrait UIInterfaceOrientationPortraitUpsideDown UIInterfaceOrientationLandscapeLeft UIInterfaceOrientationLandscapeRight";
				INFOPLIST_KEY_UISupportedInterfaceOrientations_iPhone = "UIInterfaceOrientationPortrait UIInterfaceOrientationLandscapeLeft UIInterfaceOrientationLandscapeRight";
				LD_RUNPATH_SEARCH_PATHS = (
					"$(inherited)",
					"@executable_path/Frameworks",
				);
				MARKETING_VERSION = 1.0;
				PRODUCT_BUNDLE_IDENTIFIER = "com.vlad.expenses-tracker";
				PRODUCT_NAME = "$(TARGET_NAME)";
				SWIFT_EMIT_LOC_STRINGS = YES;
				SWIFT_VERSION = 5.0;
				TARGETED_DEVICE_FAMILY = "1,2";
			};
			name = Debug;
		};
		76AF384C2CD28EC8007A7AEA /* Release */ = {
			isa = XCBuildConfiguration;
			buildSettings = {
				ASSETCATALOG_COMPILER_APPICON_NAME = AppIcon;
				ASSETCATALOG_COMPILER_GLOBAL_ACCENT_COLOR_NAME = AccentColor;
				CODE_SIGN_STYLE = Automatic;
				CURRENT_PROJECT_VERSION = 1;
				DEVELOPMENT_ASSET_PATHS = "\"expenses-tracker/Preview Content\"";
				DEVELOPMENT_TEAM = H57Z8PWG38;
				ENABLE_PREVIEWS = YES;
				GENERATE_INFOPLIST_FILE = YES;
				INFOPLIST_KEY_UIApplicationSceneManifest_Generation = YES;
				INFOPLIST_KEY_UIApplicationSupportsIndirectInputEvents = YES;
				INFOPLIST_KEY_UILaunchScreen_Generation = YES;
				INFOPLIST_KEY_UISupportedInterfaceOrientations_iPad = "UIInterfaceOrientationPortrait UIInterfaceOrientationPortraitUpsideDown UIInterfaceOrientationLandscapeLeft UIInterfaceOrientationLandscapeRight";
				INFOPLIST_KEY_UISupportedInterfaceOrientations_iPhone = "UIInterfaceOrientationPortrait UIInterfaceOrientationLandscapeLeft UIInterfaceOrientationLandscapeRight";
				LD_RUNPATH_SEARCH_PATHS = (
					"$(inherited)",
					"@executable_path/Frameworks",
				);
				MARKETING_VERSION = 1.0;
				PRODUCT_BUNDLE_IDENTIFIER = "com.vlad.expenses-tracker";
				PRODUCT_NAME = "$(TARGET_NAME)";
				SWIFT_EMIT_LOC_STRINGS = YES;
				SWIFT_VERSION = 5.0;
				TARGETED_DEVICE_FAMILY = "1,2";
			};
			name = Release;
		};
/* End XCBuildConfiguration section */

/* Begin XCConfigurationList section */
		76AF38372CD28EC7007A7AEA /* Build configuration list for PBXProject "expenses-tracker" */ = {
			isa = XCConfigurationList;
			buildConfigurations = (
				76AF38482CD28EC8007A7AEA /* Debug */,
				76AF38492CD28EC8007A7AEA /* Release */,
			);
			defaultConfigurationIsVisible = 0;
			defaultConfigurationName = Release;
		};
		76AF384A2CD28EC8007A7AEA /* Build configuration list for PBXNativeTarget "expenses-tracker" */ = {
			isa = XCConfigurationList;
			buildConfigurations = (
				76AF384B2CD28EC8007A7AEA /* Debug */,
				76AF384C2CD28EC8007A7AEA /* Release */,
			);
			defaultConfigurationIsVisible = 0;
			defaultConfigurationName = Release;
		};
/* End XCConfigurationList section */

/* Begin XCRemoteSwiftPackageReference section */
		76AF384F2CD28FBC007A7AEA /* XCRemoteSwiftPackageReference "firebase-ios-sdk" */ = {
			isa = XCRemoteSwiftPackageReference;
			repositoryURL = "https://github.com/firebase/firebase-ios-sdk";
			requirement = {
				kind = upToNextMajorVersion;
				minimumVersion = 11.4.0;
			};
		};
/* End XCRemoteSwiftPackageReference section */

/* Begin XCSwiftPackageProductDependency section */
		76AF38502CD28FBC007A7AEA /* FirebaseFirestore */ = {
			isa = XCSwiftPackageProductDependency;
			package = 76AF384F2CD28FBC007A7AEA /* XCRemoteSwiftPackageReference "firebase-ios-sdk" */;
			productName = FirebaseFirestore;
		};
		76AF38522CD29758007A7AEA /* FirebaseAuth */ = {
			isa = XCSwiftPackageProductDependency;
			package = 76AF384F2CD28FBC007A7AEA /* XCRemoteSwiftPackageReference "firebase-ios-sdk" */;
			productName = FirebaseAuth;
		};
/* End XCSwiftPackageProductDependency section */
	};
	rootObject = 76AF38342CD28EC7007A7AEA /* Project object */;
}
